// !$*UTF8*$!
{
	archiveVersion = 1;
	classes = {
	};
	objectVersion = 46;
	objects = {

/* Begin PBXBuildFile section */
		5BA662691DFF13E00064C34E /* AppDelegate.swift in Sources */ = {isa = PBXBuildFile; fileRef = 5BA662681DFF13E00064C34E /* AppDelegate.swift */; };
		5BA6626B1DFF13E00064C34E /* ViewController.swift in Sources */ = {isa = PBXBuildFile; fileRef = 5BA6626A1DFF13E00064C34E /* ViewController.swift */; };
		5BA6626E1DFF13E00064C34E /* Main.storyboard in Resources */ = {isa = PBXBuildFile; fileRef = 5BA6626C1DFF13E00064C34E /* Main.storyboard */; };
		5BA662701DFF13E00064C34E /* Assets.xcassets in Resources */ = {isa = PBXBuildFile; fileRef = 5BA6626F1DFF13E00064C34E /* Assets.xcassets */; };
		5BA662731DFF13E00064C34E /* LaunchScreen.storyboard in Resources */ = {isa = PBXBuildFile; fileRef = 5BA662711DFF13E00064C34E /* LaunchScreen.storyboard */; };
/* End PBXBuildFile section */

/* Begin PBXFileReference section */
		5BA662651DFF13E00064C34E /* MOPieChart.app */ = {isa = PBXFileReference; explicitFileType = wrapper.application; includeInIndex = 0; path = MOPieChart.app; sourceTree = BUILT_PRODUCTS_DIR; };
		5BA662681DFF13E00064C34E /* AppDelegate.swift */ = {isa = PBXFileReference; lastKnownFileType = sourcecode.swift; path = AppDelegate.swift; sourceTree = "<group>"; };
		5BA6626A1DFF13E00064C34E /* ViewController.swift */ = {isa = PBXFileReference; lastKnownFileType = sourcecode.swift; path = ViewController.swift; sourceTree = "<group>"; };
		5BA6626D1DFF13E00064C34E /* Base */ = {isa = PBXFileReference; lastKnownFileType = file.storyboard; name = Base; path = Base.lproj/Main.storyboard; sourceTree = "<group>"; };
		5BA6626F1DFF13E00064C34E /* Assets.xcassets */ = {isa = PBXFileReference; lastKnownFileType = folder.assetcatalog; path = Assets.xcassets; sourceTree = "<group>"; };
		5BA662721DFF13E00064C34E /* Base */ = {isa = PBXFileReference; lastKnownFileType = file.storyboard; name = Base; path = Base.lproj/LaunchScreen.storyboard; sourceTree = "<group>"; };
		5BA662741DFF13E00064C34E /* Info.plist */ = {isa = PBXFileReference; lastKnownFileType = text.plist.xml; path = Info.plist; sourceTree = "<group>"; };
/* End PBXFileReference section */

/* Begin PBXFrameworksBuildPhase section */
		5BA662621DFF13DE0064C34E /* Frameworks */ = {
			isa = PBXFrameworksBuildPhase;
			buildActionMask = 2147483647;
			files = (
			);
			runOnlyForDeploymentPostprocessing = 0;
		};
/* End PBXFrameworksBuildPhase section */

/* Begin PBXGroup section */
		5BA6625C1DFF13DE0064C34E = {
			isa = PBXGroup;
			children = (
				5BA662671DFF13E00064C34E /* MOPieChart */,
				5BA662661DFF13E00064C34E /* Products */,
			);
			sourceTree = "<group>";
		};
		5BA662661DFF13E00064C34E /* Products */ = {
			isa = PBXGroup;
			children = (
				5BA662651DFF13E00064C34E /* MOPieChart.app */,
			);
			name = Products;
			sourceTree = "<group>";
		};
		5BA662671DFF13E00064C34E /* MOPieChart */ = {
			isa = PBXGroup;
			children = (
				5BA662681DFF13E00064C34E /* AppDelegate.swift */,
				5BA6626A1DFF13E00064C34E /* ViewController.swift */,
				5BA6626C1DFF13E00064C34E /* Main.storyboard */,
				5BA6626F1DFF13E00064C34E /* Assets.xcassets */,
				5BA662711DFF13E00064C34E /* LaunchScreen.storyboard */,
				5BA662741DFF13E00064C34E /* Info.plist */,
			);
			path = MOPieChart;
			sourceTree = "<group>";
		};
/* End PBXGroup section */

/* Begin PBXNativeTarget section */
		5BA662641DFF13DE0064C34E /* MOPieChart */ = {
			isa = PBXNativeTarget;
			buildConfigurationList = 5BA662771DFF13E00064C34E /* Build configuration list for PBXNativeTarget "MOPieChart" */;
			buildPhases = (
				5BA662611DFF13DE0064C34E /* Sources */,
				5BA662621DFF13DE0064C34E /* Frameworks */,
				5BA662631DFF13DE0064C34E /* Resources */,
			);
			buildRules = (
			);
			dependencies = (
			);
			name = MOPieChart;
			productName = MOPieChart;
			productReference = 5BA662651DFF13E00064C34E /* MOPieChart.app */;
			productType = "com.apple.product-type.application";
		};
/* End PBXNativeTarget section */

/* Begin PBXProject section */
		5BA6625D1DFF13DE0064C34E /* Project object */ = {
			isa = PBXProject;
			attributes = {
				LastSwiftUpdateCheck = 0810;
				LastUpgradeCheck = 0810;
				ORGANIZATIONNAME = "Mark Ogley";
				TargetAttributes = {
					5BA662641DFF13DE0064C34E = {
						CreatedOnToolsVersion = 8.1;
						DevelopmentTeam = AZR9BGL87V;
						ProvisioningStyle = Automatic;
					};
				};
			};
			buildConfigurationList = 5BA662601DFF13DE0064C34E /* Build configuration list for PBXProject "MOPieChart" */;
			compatibilityVersion = "Xcode 3.2";
			developmentRegion = English;
			hasScannedForEncodings = 0;
			knownRegions = (
				en,
				Base,
			);
			mainGroup = 5BA6625C1DFF13DE0064C34E;
			productRefGroup = 5BA662661DFF13E00064C34E /* Products */;
			projectDirPath = "";
			projectRoot = "";
			targets = (
				5BA662641DFF13DE0064C34E /* MOPieChart */,
			);
		};
/* End PBXProject section */

/* Begin PBXResourcesBuildPhase section */
		5BA662631DFF13DE0064C34E /* Resources */ = {
			isa = PBXResourcesBuildPhase;
			buildActionMask = 2147483647;
			files = (
				5BA662731DFF13E00064C34E /* LaunchScreen.storyboard in Resources */,
				5BA662701DFF13E00064C34E /* Assets.xcassets in Resources */,
				5BA6626E1DFF13E00064C34E /* Main.storyboard in Resources */,
			);
			runOnlyForDeploymentPostprocessing = 0;
		};
/* End PBXResourcesBuildPhase section */

/* Begin PBXSourcesBuildPhase section */
		5BA662611DFF13DE0064C34E /* Sources */ = {
			isa = PBXSourcesBuildPhase;
			buildActionMask = 2147483647;
			files = (
				5BA6626B1DFF13E00064C34E /* ViewController.swift in Sources */,
				5BA662691DFF13E00064C34E /* AppDelegate.swift in Sources */,
			);
			runOnlyForDeploymentPostprocessing = 0;
		};
/* End PBXSourcesBuildPhase section */

/* Begin PBXVariantGroup section */
		5BA6626C1DFF13E00064C34E /* Main.storyboard */ = {
			isa = PBXVariantGroup;
			children = (
				5BA6626D1DFF13E00064C34E /* Base */,
			);
			name = Main.storyboard;
			sourceTree = "<group>";
		};
		5BA662711DFF13E00064C34E /* LaunchScreen.storyboard */ = {
			isa = PBXVariantGroup;
			children = (
				5BA662721DFF13E00064C34E /* Base */,
			);
			name = LaunchScreen.storyboard;
			sourceTree = "<group>";
		};
/* End PBXVariantGroup section */

/* Begin XCBuildConfiguration section */
		5BA662751DFF13E00064C34E /* Debug */ = {
			isa = XCBuildConfiguration;
			buildSettings = {
				ALWAYS_SEARCH_USER_PATHS = NO;
				CLANG_ANALYZER_NONNULL = YES;
				CLANG_CXX_LANGUAGE_STANDARD = "gnu++0x";
				CLANG_CXX_LIBRARY = "libc++";
				CLANG_ENABLE_MODULES = YES;
				CLANG_ENABLE_OBJC_ARC = YES;
				CLANG_WARN_BOOL_CONVERSION = YES;
				CLANG_WARN_CONSTANT_CONVERSION = YES;
				CLANG_WARN_DIRECT_OBJC_ISA_USAGE = YES_ERROR;
				CLANG_WARN_DOCUMENTATION_COMMENTS = YES;
				CLANG_WARN_EMPTY_BODY = YES;
				CLANG_WARN_ENUM_CONVERSION = YES;
				CLANG_WARN_INFINITE_RECURSION = YES;
				CLANG_WARN_INT_CONVERSION = YES;
				CLANG_WARN_OBJC_ROOT_CLASS = YES_ERROR;
				CLANG_WARN_SUSPICIOUS_MOVES = YES;
				CLANG_WARN_UNREACHABLE_CODE = YES;
				CLANG_WARN__DUPLICATE_METHOD_MATCH = YES;
				"CODE_SIGN_IDENTITY[sdk=iphoneos*]" = "iPhone Developer";
				COPY_PHASE_STRIP = NO;
				DEBUG_INFORMATION_FORMAT = dwarf;
				ENABLE_STRICT_OBJC_MSGSEND = YES;
				ENABLE_TESTABILITY = YES;
				GCC_C_LANGUAGE_STANDARD = gnu99;
				GCC_DYNAMIC_NO_PIC = NO;
				GCC_NO_COMMON_BLOCKS = YES;
				GCC_OPTIMIZATION_LEVEL = 0;
				GCC_PREPROCESSOR_DEFINITIONS = (
					"DEBUG=1",
					"$(inherited)",
				);
				GCC_WARN_64_TO_32_BIT_CONVERSION = YES;
				GCC_WARN_ABOUT_RETURN_TYPE = YES_ERROR;
				GCC_WARN_UNDECLARED_SELECTOR = YES;
				GCC_WARN_UNINITIALIZED_AUTOS = YES_AGGRESSIVE;
				GCC_WARN_UNUSED_FUNCTION = YES;
				GCC_WARN_UNUSED_VARIABLE = YES;
				IPHONEOS_DEPLOYMENT_TARGET = 10.1;
				MTL_ENABLE_DEBUG_INFO = YES;
				ONLY_ACTIVE_ARCH = YES;
				SDKROOT = iphoneos;
				SWIFT_ACTIVE_COMPILATION_CONDITIONS = DEBUG;
				SWIFT_OPTIMIZATION_LEVEL = "-Onone";
				TARGETED_DEVICE_FAMILY = "1,2";
			};
			name = Debug;
		};
		5BA662761DFF13E00064C34E /* Release */ = {
			isa = XCBuildConfiguration;
			buildSettings = {
				ALWAYS_SEARCH_USER_PATHS = NO;
				CLANG_ANALYZER_NONNULL = YES;
				CLANG_CXX_LANGUAGE_STANDARD = "gnu++0x";
				CLANG_CXX_LIBRARY = "libc++";
				CLANG_ENABLE_MODULES = YES;
				CLANG_ENABLE_OBJC_ARC = YES;
				CLANG_WARN_BOOL_CONVERSION = YES;
				CLANG_WARN_CONSTANT_CONVERSION = YES;
				CLANG_WARN_DIRECT_OBJC_ISA_USAGE = YES_ERROR;
				CLANG_WARN_DOCUMENTATION_COMMENTS = YES;
				CLANG_WARN_EMPTY_BODY = YES;
				CLANG_WARN_ENUM_CONVERSION = YES;
				CLANG_WARN_INFINITE_RECURSION = YES;
				CLANG_WARN_INT_CONVERSION = YES;
				CLANG_WARN_OBJC_ROOT_CLASS = YES_ERROR;
				CLANG_WARN_SUSPICIOUS_MOVES = YES;
				CLANG_WARN_UNREACHABLE_CODE = YES;
				CLANG_WARN__DUPLICATE_METHOD_MATCH = YES;
				"CODE_SIGN_IDENTITY[sdk=iphoneos*]" = "iPhone Developer";
				COPY_PHASE_STRIP = NO;
				DEBUG_INFORMATION_FORMAT = "dwarf-with-dsym";
				ENABLE_NS_ASSERTIONS = NO;
				ENABLE_STRICT_OBJC_MSGSEND = YES;
				GCC_C_LANGUAGE_STANDARD = gnu99;
				GCC_NO_COMMON_BLOCKS = YES;
				GCC_WARN_64_TO_32_BIT_CONVERSION = YES;
				GCC_WARN_ABOUT_RETURN_TYPE = YES_ERROR;
				GCC_WARN_UNDECLARED_SELECTOR = YES;
				GCC_WARN_UNINITIALIZED_AUTOS = YES_AGGRESSIVE;
				GCC_WARN_UNUSED_FUNCTION = YES;
				GCC_WARN_UNUSED_VARIABLE = YES;
				IPHONEOS_DEPLOYMENT_TARGET = 10.1;
				MTL_ENABLE_DEBUG_INFO = NO;
				SDKROOT = iphoneos;
				SWIFT_OPTIMIZATION_LEVEL = "-Owholemodule";
				TARGETED_DEVICE_FAMILY = "1,2";
				VALIDATE_PRODUCT = YES;
			};
			name = Release;
		};
		5BA662781DFF13E00064C34E /* Debug */ = {
			isa = XCBuildConfiguration;
			buildSettings = {
				ASSETCATALOG_COMPILER_APPICON_NAME = AppIcon;
				DEVELOPMENT_TEAM = AZR9BGL87V;
				INFOPLIST_FILE = MOPieChart/Info.plist;
				LD_RUNPATH_SEARCH_PATHS = "$(inherited) @executable_path/Frameworks";
				PRODUCT_BUNDLE_IDENTIFIER = com.mogley.MOPieChart;
				PRODUCT_NAME = "$(TARGET_NAME)";
				SWIFT_VERSION = 3.0;
			};
			name = Debug;
		};
		5BA662791DFF13E00064C34E /* Release */ = {
			isa = XCBuildConfiguration;
			buildSettings = {
				ASSETCATALOG_COMPILER_APPICON_NAME = AppIcon;
				DEVELOPMENT_TEAM = AZR9BGL87V;
				INFOPLIST_FILE = MOPieChart/Info.plist;
				LD_RUNPATH_SEARCH_PATHS = "$(inherited) @executable_path/Frameworks";
				PRODUCT_BUNDLE_IDENTIFIER = com.mogley.MOPieChart;
				PRODUCT_NAME = "$(TARGET_NAME)";
				SWIFT_VERSION = 3.0;
			};
			name = Release;
		};
/* End XCBuildConfiguration section */

/* Begin XCConfigurationList section */
		5BA662601DFF13DE0064C34E /* Build configuration list for PBXProject "MOPieChart" */ = {
			isa = XCConfigurationList;
			buildConfigurations = (
				5BA662751DFF13E00064C34E /* Debug */,
				5BA662761DFF13E00064C34E /* Release */,
			);
			defaultConfigurationIsVisible = 0;
			defaultConfigurationName = Release;
		};
		5BA662771DFF13E00064C34E /* Build configuration list for PBXNativeTarget "MOPieChart" */ = {
			isa = XCConfigurationList;
			buildConfigurations = (
				5BA662781DFF13E00064C34E /* Debug */,
				5BA662791DFF13E00064C34E /* Release */,
			);
			defaultConfigurationIsVisible = 0;
		};
/* End XCConfigurationList section */
	};
	rootObject = 5BA6625D1DFF13DE0064C34E /* Project object */;
}
